<?xml version="1.0" encoding="utf-8"?>
<Project ToolsVersion="4.0" xmlns="http://schemas.microsoft.com/developer/msbuild/2003">
  <ItemGroup>
    <Filter Include="Source Files">
      <UniqueIdentifier>{4FC737F1-C7A5-4376-A066-2A32D752A2FF}</UniqueIdentifier>
      <Extensions>cpp;c;cc;cxx;c++;cppm;ixx;def;odl;idl;hpj;bat;asm;asmx</Extensions>
    </Filter>
    <Filter Include="Header Files">
      <UniqueIdentifier>{93995380-89BD-4b04-88EB-625FBE52EBFB}</UniqueIdentifier>
      <Extensions>h;hh;hpp;hxx;h++;hm;inl;inc;ipp;xsd</Extensions>
    </Filter>
    <Filter Include="Resource Files">
      <UniqueIdentifier>{67DA6AB6-F800-4c08-8B7A-83BB121AAD01}</UniqueIdentifier>
      <Extensions>rc;ico;cur;bmp;dlg;rc2;rct;bin;rgs;gif;jpg;jpeg;jpe;resx;tiff;tif;png;wav;mfcribbon-ms</Extensions>
    </Filter>
  </ItemGroup>
  <ItemGroup>
    <ClCompile Include="Source.cpp">
      <Filter>Source Files</Filter>
    </ClCompile>
    <ClCompile Include="thirdParty\include\VortexGapichsEngine\imgui\imgui.cpp">
      <Filter>Source Files</Filter>
    </ClCompile>
    <ClCompile Include="thirdParty\include\VortexGapichsEngine\imgui\imgui_demo.cpp">
      <Filter>Source Files</Filter>
    </ClCompile>
    <ClCompile Include="thirdParty\include\VortexGapichsEngine\imgui\imgui_draw.cpp">
      <Filter>Source Files</Filter>
    </ClCompile>
    <ClCompile Include="thirdParty\include\VortexGapichsEngine\imgui\imgui_impl_glfw.cpp">
      <Filter>Source Files</Filter>
    </ClCompile>
    <ClCompile Include="thirdParty\include\VortexGapichsEngine\imgui\imgui_impl_opengl3.cpp">
      <Filter>Source Files</Filter>
    </ClCompile>
    <ClCompile Include="thirdParty\include\VortexGapichsEngine\imgui\imgui_tables.cpp">
      <Filter>Source Files</Filter>
    </ClCompile>
    <ClCompile Include="thirdParty\include\VortexGapichsEngine\imgui\imgui_widgets.cpp">
      <Filter>Source Files</Filter>
    </ClCompile>
    <ClCompile Include="thirdParty\include\VortexGapichsEngine\Components.cpp">
      <Filter>Source Files</Filter>
    </ClCompile>
    <ClCompile Include="thirdParty\include\VortexGapichsEngine\CubeMap.cpp">
      <Filter>Source Files</Filter>
    </ClCompile>
    <ClCompile Include="thirdParty\include\VortexGapichsEngine\Entity.cpp">
      <Filter>Source Files</Filter>
    </ClCompile>
    <ClCompile Include="thirdParty\include\VortexGapichsEngine\glad.c">
      <Filter>Source Files</Filter>
    </ClCompile>
    <ClCompile Include="thirdParty\include\VortexGapichsEngine\Model.cpp">
      <Filter>Source Files</Filter>
    </ClCompile>
    <ClCompile Include="thirdParty\include\VortexGapichsEngine\PostProcess.cpp">
      <Filter>Source Files</Filter>
    </ClCompile>
    <ClCompile Include="thirdParty\include\VortexGapichsEngine\Shader.cpp">
      <Filter>Source Files</Filter>
    </ClCompile>
    <ClCompile Include="thirdParty\include\VortexGapichsEngine\Systems.cpp">
      <Filter>Source Files</Filter>
    </ClCompile>
    <ClCompile Include="thirdParty\include\VortexGapichsEngine\Texture.cpp">
      <Filter>Source Files</Filter>
    </ClCompile>
    <ClCompile Include="thirdParty\include\VortexGapichsEngine\VECore.cpp">
      <Filter>Source Files</Filter>
    </ClCompile>
    <ClCompile Include="thirdParty\include\VortexGapichsEngine\VEInput.cpp">
      <Filter>Source Files</Filter>
    </ClCompile>
    <ClCompile Include="thirdParty\include\VortexGapichsEngine\VELogger.cpp">
      <Filter>Source Files</Filter>
    </ClCompile>
    <ClCompile Include="thirdParty\include\VortexGapichsEngine\VEngine.cpp">
      <Filter>Source Files</Filter>
    </ClCompile>
    <ClCompile Include="thirdParty\include\VortexGapichsEngine\VERenderer.cpp">
      <Filter>Source Files</Filter>
    </ClCompile>
    <ClCompile Include="thirdParty\include\VortexGapichsEngine\VEWindow.cpp">
      <Filter>Source Files</Filter>
    </ClCompile>
    <ClCompile Include="thirdParty\include\VortexGapichsEngine\stb.cpp">
      <Filter>Source Files</Filter>
    </ClCompile>
    <ClCompile Include="thirdParty\include\VortexGapichsEngine\Material.cpp">
      <Filter>Source Files</Filter>
    </ClCompile>
  </ItemGroup>
  <ItemGroup>
    <ClInclude Include="thirdParty\include\VortexGapichsEngine\imgui\dirent\dirent.h">
      <Filter>Header Files</Filter>
    </ClInclude>
    <ClInclude Include="thirdParty\include\VortexGapichsEngine\imgui\imconfig.h">
      <Filter>Header Files</Filter>
    </ClInclude>
    <ClInclude Include="thirdParty\include\VortexGapichsEngine\imgui\imgui.h">
      <Filter>Header Files</Filter>
    </ClInclude>
    <ClInclude Include="thirdParty\include\VortexGapichsEngine\imgui\imgui_impl_glfw.h">
      <Filter>Header Files</Filter>
    </ClInclude>
    <ClInclude Include="thirdParty\include\VortexGapichsEngine\imgui\imgui_impl_opengl3.h">
      <Filter>Header Files</Filter>
    </ClInclude>
    <ClInclude Include="thirdParty\include\VortexGapichsEngine\imgui\imgui_impl_opengl3_loader.h">
      <Filter>Header Files</Filter>
    </ClInclude>
    <ClInclude Include="thirdParty\include\VortexGapichsEngine\imgui\imgui_internal.h">
      <Filter>Header Files</Filter>
    </ClInclude>
    <ClInclude Include="thirdParty\include\VortexGapichsEngine\imgui\imstb_rectpack.h">
      <Filter>Header Files</Filter>
    </ClInclude>
    <ClInclude Include="thirdParty\include\VortexGapichsEngine\imgui\imstb_textedit.h">
      <Filter>Header Files</Filter>
    </ClInclude>
    <ClInclude Include="thirdParty\include\VortexGapichsEngine\imgui\imstb_truetype.h">
      <Filter>Header Files</Filter>
    </ClInclude>
    <ClInclude Include="thirdParty\include\VortexGapichsEngine\Camera.h">
      <Filter>Header Files</Filter>
    </ClInclude>
    <ClInclude Include="thirdParty\include\VortexGapichsEngine\ComponentManager.h">
      <Filter>Header Files</Filter>
    </ClInclude>
    <ClInclude Include="thirdParty\include\VortexGapichsEngine\Components.h">
      <Filter>Header Files</Filter>
    </ClInclude>
    <ClInclude Include="thirdParty\include\VortexGapichsEngine\CubeMap.h">
      <Filter>Header Files</Filter>
    </ClInclude>
    <ClInclude Include="thirdParty\include\VortexGapichsEngine\Entity.h">
      <Filter>Header Files</Filter>
    </ClInclude>
    <ClInclude Include="thirdParty\include\VortexGapichsEngine\EntityManager.h">
      <Filter>Header Files</Filter>
    </ClInclude>
    <ClInclude Include="thirdParty\include\VortexGapichsEngine\Model.h">
      <Filter>Header Files</Filter>
    </ClInclude>
    <ClInclude Include="thirdParty\include\VortexGapichsEngine\PostProcess.h">
      <Filter>Header Files</Filter>
    </ClInclude>
    <ClInclude Include="thirdParty\include\VortexGapichsEngine\Shader.h">
      <Filter>Header Files</Filter>
    </ClInclude>
    <ClInclude Include="thirdParty\include\VortexGapichsEngine\Systems.h">
      <Filter>Header Files</Filter>
    </ClInclude>
    <ClInclude Include="thirdParty\include\VortexGapichsEngine\Texture.h">
      <Filter>Header Files</Filter>
    </ClInclude>
    <ClInclude Include="thirdParty\include\VortexGapichsEngine\VECore.h">
      <Filter>Header Files</Filter>
    </ClInclude>
    <ClInclude Include="thirdParty\include\VortexGapichsEngine\VEInput.h">
      <Filter>Header Files</Filter>
    </ClInclude>
    <ClInclude Include="thirdParty\include\VortexGapichsEngine\VELogger.h">
      <Filter>Header Files</Filter>
    </ClInclude>
    <ClInclude Include="thirdParty\include\VortexGapichsEngine\VEngine.h">
      <Filter>Header Files</Filter>
    </ClInclude>
    <ClInclude Include="thirdParty\include\VortexGapichsEngine\VERenderer.h">
      <Filter>Header Files</Filter>
    </ClInclude>
    <ClInclude Include="thirdParty\include\VortexGapichsEngine\Vertex.h">
      <Filter>Header Files</Filter>
    </ClInclude>
    <ClInclude Include="thirdParty\include\VortexGapichsEngine\VEWindow.h">
      <Filter>Header Files</Filter>
    </ClInclude>
    <ClInclude Include="thirdParty\include\VortexGapichsEngine\VortexGameEngine.h">
      <Filter>Header Files</Filter>
    </ClInclude>
    <ClInclude Include="thirdParty\include\VortexGapichsEngine\Material.h">
      <Filter>Header Files</Filter>
    </ClInclude>
  </ItemGroup>
  <ItemGroup>
    <None Include="README.md" />
    <None Include="thirdParty\include\VortexGapichsEngine\shaders\core_fragment.glsl" />
    <None Include="thirdParty\include\VortexGapichsEngine\shaders\core_vertex.glsl" />
    <None Include="thirdParty\include\VortexGapichsEngine\shaders\depth_fragment.glsl" />
    <None Include="thirdParty\include\VortexGapichsEngine\shaders\depth_vertex.glsl" />
    <None Include="thirdParty\include\VortexGapichsEngine\shaders\screen_fragment.glsl" />
    <None Include="thirdParty\include\VortexGapichsEngine\shaders\screen_vertex.glsl" />
    <None Include="thirdParty\include\VortexGapichsEngine\shaders\single_color_fragment.glsl" />
    <None Include="thirdParty\include\VortexGapichsEngine\shaders\skybox_fragment.glsl" />
    <None Include="thirdParty\include\VortexGapichsEngine\shaders\skybox_vertex.glsl" />
  </ItemGroup>
</Project>